{
  "version": 4,
  "terraform_version": "1.9.5",
  "serial": 13,
  "lineage": "3137d424-e853-c792-6c82-debfc79338e7",
  "outputs": {},
  "resources": [
    {
      "mode": "managed",
      "type": "azurerm_resource_group",
      "name": "fuzari-mangebot-terraform-group",
      "provider": "provider[\"registry.terraform.io/hashicorp/azurerm\"]",
      "instances": [
        {
          "schema_version": 0,
          "attributes": {
            "id": "/subscriptions/481c1d25-e4df-4209-9f20-6d3c0c28a214/resourceGroups/fuzari-mangebot-terraform-group",
            "location": "eastus2",
            "managed_by": "",
            "name": "fuzari-mangebot-terraform-group",
            "tags": {},
            "timeouts": null
          },
          "sensitive_attributes": [],
          "private": "eyJlMmJmYjczMC1lY2FhLTExZTYtOGY4OC0zNDM2M2JjN2M0YzAiOnsiY3JlYXRlIjo1NDAwMDAwMDAwMDAwLCJkZWxldGUiOjU0MDAwMDAwMDAwMDAsInJlYWQiOjMwMDAwMDAwMDAwMCwidXBkYXRlIjo1NDAwMDAwMDAwMDAwfX0="
        }
      ]
    },
    {
      "mode": "managed",
      "type": "azurerm_service_plan",
      "name": "fuzari-mangebot-sp",
      "provider": "provider[\"registry.terraform.io/hashicorp/azurerm\"]",
      "instances": [
        {
          "schema_version": 1,
          "attributes": {
            "app_service_environment_id": "",
            "id": "/subscriptions/481c1d25-e4df-4209-9f20-6d3c0c28a214/resourceGroups/fuzari-mangebot-terraform-group/providers/Microsoft.Web/serverFarms/fuzari-mangebot-sp",
            "kind": "app",
            "location": "eastus2",
            "maximum_elastic_worker_count": 1,
            "name": "fuzari-mangebot-sp",
            "os_type": "Windows",
            "per_site_scaling_enabled": false,
            "reserved": false,
            "resource_group_name": "fuzari-mangebot-terraform-group",
            "sku_name": "S1",
            "tags": {},
            "timeouts": null,
            "worker_count": 1,
            "zone_balancing_enabled": false
          },
          "sensitive_attributes": [],
          "private": "eyJlMmJmYjczMC1lY2FhLTExZTYtOGY4OC0zNDM2M2JjN2M0YzAiOnsiY3JlYXRlIjozNjAwMDAwMDAwMDAwLCJkZWxldGUiOjM2MDAwMDAwMDAwMDAsInJlYWQiOjMwMDAwMDAwMDAwMCwidXBkYXRlIjozNjAwMDAwMDAwMDAwfSwic2NoZW1hX3ZlcnNpb24iOiIxIn0=",
          "dependencies": [
            "azurerm_resource_group.fuzari-mangebot-terraform-group"
          ]
        }
      ]
    },
    {
      "mode": "managed",
      "type": "azurerm_windows_web_app",
      "name": "fuzari-mangebot-app",
      "provider": "provider[\"registry.terraform.io/hashicorp/azurerm\"]",
      "instances": [
        {
          "schema_version": 1,
          "attributes": {
            "app_settings": {},
            "auth_settings": [],
            "auth_settings_v2": [],
            "backup": [],
            "client_affinity_enabled": false,
            "client_certificate_enabled": false,
            "client_certificate_exclusion_paths": "",
            "client_certificate_mode": "Required",
            "connection_string": [],
            "custom_domain_verification_id": "AAF57CBAE38FFC9BFA90CC37DAFA24E4AB8A00C1FD178FF9CF3041B61BCF00B0",
            "default_hostname": "fuzari-mangebot-app.azurewebsites.net",
            "enabled": true,
            "ftp_publish_basic_authentication_enabled": true,
            "hosting_environment_id": "",
            "https_only": false,
            "id": "/subscriptions/481c1d25-e4df-4209-9f20-6d3c0c28a214/resourceGroups/fuzari-mangebot-terraform-group/providers/Microsoft.Web/sites/fuzari-mangebot-app",
            "identity": [],
            "key_vault_reference_identity_id": "SystemAssigned",
            "kind": "app",
            "location": "eastus2",
            "logs": [],
            "name": "fuzari-mangebot-app",
            "outbound_ip_address_list": [
              "20.69.193.94",
              "20.69.194.243",
              "20.69.195.105",
              "20.69.195.235",
              "20.69.196.26",
              "20.69.196.60",
              "20.119.136.0"
            ],
            "outbound_ip_addresses": "20.69.193.94,20.69.194.243,20.69.195.105,20.69.195.235,20.69.196.26,20.69.196.60,20.119.136.0",
            "possible_outbound_ip_address_list": [
              "20.69.193.94",
              "20.69.194.243",
              "20.69.195.105",
              "20.69.195.235",
              "20.69.196.26",
              "20.69.196.60",
              "20.69.196.114",
              "20.69.196.197",
              "20.69.196.214",
              "20.69.197.35",
              "20.69.197.37",
              "20.69.197.132",
              "20.69.197.141",
              "20.69.198.51",
              "20.69.198.97",
              "20.69.198.130",
              "20.69.198.175",
              "20.69.198.183",
              "20.69.198.219",
              "20.69.198.232",
              "20.69.198.234",
              "20.69.198.238",
              "20.69.199.13",
              "20.69.199.42",
              "20.69.199.55",
              "20.69.199.67",
              "20.69.199.93",
              "20.69.199.119",
              "20.69.199.125",
              "20.69.199.132",
              "20.119.136.0"
            ],
            "possible_outbound_ip_addresses": "20.69.193.94,20.69.194.243,20.69.195.105,20.69.195.235,20.69.196.26,20.69.196.60,20.69.196.114,20.69.196.197,20.69.196.214,20.69.197.35,20.69.197.37,20.69.197.132,20.69.197.141,20.69.198.51,20.69.198.97,20.69.198.130,20.69.198.175,20.69.198.183,20.69.198.219,20.69.198.232,20.69.198.234,20.69.198.238,20.69.199.13,20.69.199.42,20.69.199.55,20.69.199.67,20.69.199.93,20.69.199.119,20.69.199.125,20.69.199.132,20.119.136.0",
            "public_network_access_enabled": true,
            "resource_group_name": "fuzari-mangebot-terraform-group",
            "service_plan_id": "/subscriptions/481c1d25-e4df-4209-9f20-6d3c0c28a214/resourceGroups/fuzari-mangebot-terraform-group/providers/Microsoft.Web/serverFarms/fuzari-mangebot-sp",
            "site_config": [
              {
                "always_on": false,
                "api_definition_url": "",
                "api_management_api_id": "",
                "app_command_line": "",
                "application_stack": [
                  {
                    "current_stack": "",
                    "docker_image_name": "",
                    "docker_registry_password": "",
                    "docker_registry_url": "",
                    "docker_registry_username": "",
                    "dotnet_core_version": "",
                    "dotnet_version": "v4.0",
                    "java_container": "",
                    "java_container_version": "",
                    "java_embedded_server_enabled": false,
                    "java_version": "",
                    "node_version": "",
                    "php_version": "5.6",
                    "python": false,
                    "tomcat_version": ""
                  }
                ],
                "auto_heal_setting": [],
                "container_registry_managed_identity_client_id": "",
                "container_registry_use_managed_identity": false,
                "cors": [],
                "default_documents": [
                  "Default.htm",
                  "Default.html",
                  "Default.asp",
                  "index.htm",
                  "index.html",
                  "iisstart.htm",
                  "default.aspx",
                  "index.php",
                  "hostingstart.html"
                ],
                "detailed_error_logging_enabled": false,
                "ftps_state": "Disabled",
                "handler_mapping": [],
                "health_check_eviction_time_in_min": 0,
                "health_check_path": "",
                "http2_enabled": false,
                "ip_restriction": [],
                "ip_restriction_default_action": "Allow",
                "linux_fx_version": "",
                "load_balancing_mode": "LeastRequests",
                "local_mysql_enabled": false,
                "managed_pipeline_mode": "Integrated",
                "minimum_tls_version": "1.2",
                "remote_debugging_enabled": false,
                "remote_debugging_version": "VS2022",
                "scm_ip_restriction": [],
                "scm_ip_restriction_default_action": "Allow",
                "scm_minimum_tls_version": "1.2",
                "scm_type": "None",
                "scm_use_main_ip_restriction": false,
                "use_32_bit_worker": true,
                "virtual_application": [],
                "vnet_route_all_enabled": false,
                "websockets_enabled": false,
                "windows_fx_version": "",
                "worker_count": 1
              }
            ],
            "site_credential": [
              {
                "name": "$fuzari-mangebot-app",
                "password": "r6bQjvvuA3y6nfZstdMA0ppgbKCuan9KsZRiXqnJ5dhtPqkwnDsRBG3vaw0j"
              }
            ],
            "sticky_settings": [],
            "storage_account": [],
            "tags": {},
            "timeouts": null,
            "virtual_network_subnet_id": "",
            "webdeploy_publish_basic_authentication_enabled": true,
            "zip_deploy_file": ""
          },
          "sensitive_attributes": [
            [
              {
                "type": "get_attr",
                "value": "custom_domain_verification_id"
              }
            ],
            [
              {
                "type": "get_attr",
                "value": "site_credential"
              }
            ],
            [
              {
                "type": "get_attr",
                "value": "site_config"
              },
              {
                "type": "index",
                "value": {
                  "value": 0,
                  "type": "number"
                }
              },
              {
                "type": "get_attr",
                "value": "application_stack"
              },
              {
                "type": "index",
                "value": {
                  "value": 0,
                  "type": "number"
                }
              },
              {
                "type": "get_attr",
                "value": "docker_registry_password"
              }
            ]
          ],
          "private": "eyJlMmJmYjczMC1lY2FhLTExZTYtOGY4OC0zNDM2M2JjN2M0YzAiOnsiY3JlYXRlIjoxODAwMDAwMDAwMDAwLCJkZWxldGUiOjE4MDAwMDAwMDAwMDAsInJlYWQiOjMwMDAwMDAwMDAwMCwidXBkYXRlIjoxODAwMDAwMDAwMDAwfSwic2NoZW1hX3ZlcnNpb24iOiIxIn0=",
          "dependencies": [
            "azurerm_resource_group.fuzari-mangebot-terraform-group",
            "azurerm_service_plan.fuzari-mangebot-sp"
          ]
        }
      ]
    },
    {
      "mode": "managed",
      "type": "azurerm_windows_web_app_slot",
      "name": "fuzari-mangebot-terraform-app-slot-qa",
      "provider": "provider[\"registry.terraform.io/hashicorp/azurerm\"]",
      "instances": [
        {
          "schema_version": 1,
          "attributes": {
            "app_service_id": "/subscriptions/481c1d25-e4df-4209-9f20-6d3c0c28a214/resourceGroups/fuzari-mangebot-terraform-group/providers/Microsoft.Web/sites/fuzari-mangebot-app",
            "app_settings": null,
            "auth_settings": [],
            "auth_settings_v2": [],
            "backup": [],
            "client_affinity_enabled": false,
            "client_certificate_enabled": false,
            "client_certificate_exclusion_paths": "",
            "client_certificate_mode": "Required",
            "connection_string": [],
            "custom_domain_verification_id": "AAF57CBAE38FFC9BFA90CC37DAFA24E4AB8A00C1FD178FF9CF3041B61BCF00B0",
            "default_hostname": "fuzari-mangebot-app-fuzari-mangebot-terraform-app-slot-qa.azurewebsites.net",
            "enabled": true,
            "ftp_publish_basic_authentication_enabled": true,
            "hosting_environment_id": "",
            "https_only": false,
            "id": "/subscriptions/481c1d25-e4df-4209-9f20-6d3c0c28a214/resourceGroups/fuzari-mangebot-terraform-group/providers/Microsoft.Web/sites/fuzari-mangebot-app/slots/fuzari-mangebot-terraform-app-slot-qa",
            "identity": [],
            "key_vault_reference_identity_id": "SystemAssigned",
            "kind": "app",
            "logs": [],
            "name": "fuzari-mangebot-terraform-app-slot-qa",
            "outbound_ip_address_list": [
              "20.69.193.94",
              "20.69.194.243",
              "20.69.195.105",
              "20.69.195.235",
              "20.69.196.26",
              "20.69.196.60",
              "20.119.136.0"
            ],
            "outbound_ip_addresses": "20.69.193.94,20.69.194.243,20.69.195.105,20.69.195.235,20.69.196.26,20.69.196.60,20.119.136.0",
            "possible_outbound_ip_address_list": [
              "20.69.193.94",
              "20.69.194.243",
              "20.69.195.105",
              "20.69.195.235",
              "20.69.196.26",
              "20.69.196.60",
              "20.69.196.114",
              "20.69.196.197",
              "20.69.196.214",
              "20.69.197.35",
              "20.69.197.37",
              "20.69.197.132",
              "20.69.197.141",
              "20.69.198.51",
              "20.69.198.97",
              "20.69.198.130",
              "20.69.198.175",
              "20.69.198.183",
              "20.69.198.219",
              "20.69.198.232",
              "20.69.198.234",
              "20.69.198.238",
              "20.69.199.13",
              "20.69.199.42",
              "20.69.199.55",
              "20.69.199.67",
              "20.69.199.93",
              "20.69.199.119",
              "20.69.199.125",
              "20.69.199.132",
              "20.119.136.0"
            ],
            "possible_outbound_ip_addresses": "20.69.193.94,20.69.194.243,20.69.195.105,20.69.195.235,20.69.196.26,20.69.196.60,20.69.196.114,20.69.196.197,20.69.196.214,20.69.197.35,20.69.197.37,20.69.197.132,20.69.197.141,20.69.198.51,20.69.198.97,20.69.198.130,20.69.198.175,20.69.198.183,20.69.198.219,20.69.198.232,20.69.198.234,20.69.198.238,20.69.199.13,20.69.199.42,20.69.199.55,20.69.199.67,20.69.199.93,20.69.199.119,20.69.199.125,20.69.199.132,20.119.136.0",
            "public_network_access_enabled": true,
            "service_plan_id": "",
            "site_config": [
              {
                "always_on": true,
                "api_definition_url": "",
                "api_management_api_id": "",
                "app_command_line": "",
                "application_stack": [
                  {
                    "current_stack": "",
                    "docker_image_name": "",
                    "docker_registry_password": "",
                    "docker_registry_url": "",
                    "docker_registry_username": "",
                    "dotnet_core_version": "",
                    "dotnet_version": "v4.0",
                    "java_container": "",
                    "java_container_version": "",
                    "java_embedded_server_enabled": false,
                    "java_version": "",
                    "node_version": "",
                    "php_version": "5.6",
                    "python": false,
                    "tomcat_version": ""
                  }
                ],
                "auto_heal_setting": [],
                "auto_swap_slot_name": "",
                "container_registry_managed_identity_client_id": "",
                "container_registry_use_managed_identity": false,
                "cors": [],
                "default_documents": [
                  "Default.htm",
                  "Default.html",
                  "Default.asp",
                  "index.htm",
                  "index.html",
                  "iisstart.htm",
                  "default.aspx",
                  "index.php",
                  "hostingstart.html"
                ],
                "detailed_error_logging_enabled": false,
                "ftps_state": "Disabled",
                "handler_mapping": [],
                "health_check_eviction_time_in_min": 0,
                "health_check_path": "",
                "http2_enabled": false,
                "ip_restriction": [],
                "ip_restriction_default_action": "Allow",
                "load_balancing_mode": "LeastRequests",
                "local_mysql_enabled": false,
                "managed_pipeline_mode": "Integrated",
                "minimum_tls_version": "1.2",
                "remote_debugging_enabled": false,
                "remote_debugging_version": "VS2022",
                "scm_ip_restriction": [],
                "scm_ip_restriction_default_action": "Allow",
                "scm_minimum_tls_version": "1.2",
                "scm_type": "None",
                "scm_use_main_ip_restriction": false,
                "use_32_bit_worker": false,
                "virtual_application": [],
                "vnet_route_all_enabled": false,
                "websockets_enabled": false,
                "windows_fx_version": "",
                "worker_count": 1
              }
            ],
            "site_credential": [
              {
                "name": "$fuzari-mangebot-app__fuzari-mangebot-terraform-app-slot-qa",
                "password": "Q2ADq07mBSEwvmYyhW19s6oNolhwWtQx3w7sp2g0Y1mozDsLncc4bSWNwZWe"
              }
            ],
            "storage_account": [],
            "tags": null,
            "timeouts": null,
            "virtual_network_subnet_id": "",
            "webdeploy_publish_basic_authentication_enabled": true,
            "zip_deploy_file": ""
          },
          "sensitive_attributes": [
            [
              {
                "type": "get_attr",
                "value": "site_config"
              },
              {
                "type": "index",
                "value": {
                  "value": 0,
                  "type": "number"
                }
              },
              {
                "type": "get_attr",
                "value": "application_stack"
              },
              {
                "type": "index",
                "value": {
                  "value": 0,
                  "type": "number"
                }
              },
              {
                "type": "get_attr",
                "value": "docker_registry_password"
              }
            ],
            [
              {
                "type": "get_attr",
                "value": "custom_domain_verification_id"
              }
            ],
            [
              {
                "type": "get_attr",
                "value": "site_credential"
              }
            ]
          ],
          "private": "eyJlMmJmYjczMC1lY2FhLTExZTYtOGY4OC0zNDM2M2JjN2M0YzAiOnsiY3JlYXRlIjoxODAwMDAwMDAwMDAwLCJkZWxldGUiOjE4MDAwMDAwMDAwMDAsInJlYWQiOjMwMDAwMDAwMDAwMCwidXBkYXRlIjoxODAwMDAwMDAwMDAwfSwic2NoZW1hX3ZlcnNpb24iOiIxIn0=",
          "dependencies": [
            "azurerm_resource_group.fuzari-mangebot-terraform-group",
            "azurerm_service_plan.fuzari-mangebot-sp",
            "azurerm_windows_web_app.fuzari-mangebot-app"
          ]
        }
      ]
    }
  ],
  "check_results": null
}
