{
  "version": 4,
  "terraform_version": "1.9.5",
  "serial": 5,
  "lineage": "4cd26d2f-522b-f2f3-2182-c26a0bf44fb8",
  "outputs": {},
  "resources": [
    {
      "mode": "managed",
      "type": "azurerm_resource_group",
      "name": "fuzari-mangebot-second-version-group",
      "provider": "provider[\"registry.terraform.io/hashicorp/azurerm\"]",
      "instances": [
        {
          "schema_version": 0,
          "attributes": {
            "id": "/subscriptions/250ae9c3-6c33-4030-b72a-ed22fce22920/resourceGroups/fuzari-mangebot-second-version-group",
            "location": "eastus2",
            "managed_by": "",
            "name": "fuzari-mangebot-second-version-group",
            "tags": null,
            "timeouts": null
          },
          "sensitive_attributes": [],
          "private": "eyJlMmJmYjczMC1lY2FhLTExZTYtOGY4OC0zNDM2M2JjN2M0YzAiOnsiY3JlYXRlIjo1NDAwMDAwMDAwMDAwLCJkZWxldGUiOjU0MDAwMDAwMDAwMDAsInJlYWQiOjMwMDAwMDAwMDAwMCwidXBkYXRlIjo1NDAwMDAwMDAwMDAwfX0="
        }
      ]
    },
    {
      "mode": "managed",
      "type": "azurerm_service_plan",
      "name": "fuzari-mangebot-second-version-sp",
      "provider": "provider[\"registry.terraform.io/hashicorp/azurerm\"]",
      "instances": [
        {
          "schema_version": 1,
          "attributes": {
            "app_service_environment_id": "",
            "id": "/subscriptions/250ae9c3-6c33-4030-b72a-ed22fce22920/resourceGroups/fuzari-mangebot-second-version-group/providers/Microsoft.Web/serverFarms/fuzari-mangebot-second-version-sp",
            "kind": "app",
            "location": "eastus2",
            "maximum_elastic_worker_count": 1,
            "name": "fuzari-mangebot-second-version-sp",
            "os_type": "Windows",
            "per_site_scaling_enabled": false,
            "reserved": false,
            "resource_group_name": "fuzari-mangebot-second-version-group",
            "sku_name": "S1",
            "tags": null,
            "timeouts": null,
            "worker_count": 1,
            "zone_balancing_enabled": false
          },
          "sensitive_attributes": [],
          "private": "eyJlMmJmYjczMC1lY2FhLTExZTYtOGY4OC0zNDM2M2JjN2M0YzAiOnsiY3JlYXRlIjozNjAwMDAwMDAwMDAwLCJkZWxldGUiOjM2MDAwMDAwMDAwMDAsInJlYWQiOjMwMDAwMDAwMDAwMCwidXBkYXRlIjozNjAwMDAwMDAwMDAwfSwic2NoZW1hX3ZlcnNpb24iOiIxIn0=",
          "dependencies": [
            "azurerm_resource_group.fuzari-mangebot-second-version-group"
          ]
        }
      ]
    },
    {
      "mode": "managed",
      "type": "azurerm_windows_web_app",
      "name": "fuzari-mangebot-second-version-app",
      "provider": "provider[\"registry.terraform.io/hashicorp/azurerm\"]",
      "instances": [
        {
          "schema_version": 1,
          "attributes": {
            "app_settings": null,
            "auth_settings": [],
            "auth_settings_v2": [],
            "backup": [],
            "client_affinity_enabled": false,
            "client_certificate_enabled": false,
            "client_certificate_exclusion_paths": "",
            "client_certificate_mode": "Required",
            "connection_string": [],
            "custom_domain_verification_id": "A20FD1DD24553625936AB5B41DE2EF7587D48487C39A0BACDD28821A1F09571F",
            "default_hostname": "fuzari-mangebot-second-version-app.azurewebsites.net",
            "enabled": true,
            "ftp_publish_basic_authentication_enabled": true,
            "hosting_environment_id": "",
            "https_only": false,
            "id": "/subscriptions/250ae9c3-6c33-4030-b72a-ed22fce22920/resourceGroups/fuzari-mangebot-second-version-group/providers/Microsoft.Web/sites/fuzari-mangebot-second-version-app",
            "identity": [],
            "key_vault_reference_identity_id": "SystemAssigned",
            "kind": "app",
            "location": "eastus2",
            "logs": [],
            "name": "fuzari-mangebot-second-version-app",
            "outbound_ip_address_list": [
              "52.167.87.84",
              "52.177.141.128",
              "52.177.248.131",
              "52.177.248.174",
              "52.177.250.68",
              "52.177.250.154",
              "20.49.97.16"
            ],
            "outbound_ip_addresses": "52.167.87.84,52.177.141.128,52.177.248.131,52.177.248.174,52.177.250.68,52.177.250.154,20.49.97.16",
            "possible_outbound_ip_address_list": [
              "52.167.87.84",
              "52.177.141.128",
              "52.177.248.131",
              "52.177.248.174",
              "52.177.250.68",
              "52.177.250.154",
              "52.177.253.61",
              "52.177.253.99",
              "52.177.254.221",
              "40.70.172.223",
              "52.177.255.56",
              "52.184.208.121",
              "52.177.253.203",
              "52.184.208.159",
              "52.184.209.224",
              "52.184.210.243",
              "20.44.74.192",
              "52.232.209.222",
              "40.65.243.183",
              "40.65.244.39",
              "52.138.109.125",
              "52.167.26.174",
              "20.62.85.112",
              "20.62.86.95",
              "20.62.86.166",
              "20.62.86.187",
              "20.62.87.225",
              "20.72.65.34",
              "20.72.65.42",
              "20.72.65.113",
              "20.49.97.16"
            ],
            "possible_outbound_ip_addresses": "52.167.87.84,52.177.141.128,52.177.248.131,52.177.248.174,52.177.250.68,52.177.250.154,52.177.253.61,52.177.253.99,52.177.254.221,40.70.172.223,52.177.255.56,52.184.208.121,52.177.253.203,52.184.208.159,52.184.209.224,52.184.210.243,20.44.74.192,52.232.209.222,40.65.243.183,40.65.244.39,52.138.109.125,52.167.26.174,20.62.85.112,20.62.86.95,20.62.86.166,20.62.86.187,20.62.87.225,20.72.65.34,20.72.65.42,20.72.65.113,20.49.97.16",
            "public_network_access_enabled": true,
            "resource_group_name": "fuzari-mangebot-second-version-group",
            "service_plan_id": "/subscriptions/250ae9c3-6c33-4030-b72a-ed22fce22920/resourceGroups/fuzari-mangebot-second-version-group/providers/Microsoft.Web/serverFarms/fuzari-mangebot-second-version-sp",
            "site_config": [
              {
                "always_on": false,
                "api_definition_url": "",
                "api_management_api_id": "",
                "app_command_line": "",
                "application_stack": [
                  {
                    "current_stack": "",
                    "docker_image_name": "",
                    "docker_registry_password": "",
                    "docker_registry_url": "",
                    "docker_registry_username": "",
                    "dotnet_core_version": "",
                    "dotnet_version": "v4.0",
                    "java_container": "",
                    "java_container_version": "",
                    "java_embedded_server_enabled": false,
                    "java_version": "",
                    "node_version": "",
                    "php_version": "5.6",
                    "python": false,
                    "tomcat_version": ""
                  }
                ],
                "auto_heal_setting": [],
                "container_registry_managed_identity_client_id": "",
                "container_registry_use_managed_identity": false,
                "cors": [],
                "default_documents": [
                  "Default.htm",
                  "Default.html",
                  "Default.asp",
                  "index.htm",
                  "index.html",
                  "iisstart.htm",
                  "default.aspx",
                  "index.php",
                  "hostingstart.html"
                ],
                "detailed_error_logging_enabled": false,
                "ftps_state": "Disabled",
                "handler_mapping": [],
                "health_check_eviction_time_in_min": 0,
                "health_check_path": "",
                "http2_enabled": false,
                "ip_restriction": [],
                "ip_restriction_default_action": "Allow",
                "linux_fx_version": "",
                "load_balancing_mode": "LeastRequests",
                "local_mysql_enabled": false,
                "managed_pipeline_mode": "Integrated",
                "minimum_tls_version": "1.2",
                "remote_debugging_enabled": false,
                "remote_debugging_version": "VS2022",
                "scm_ip_restriction": [],
                "scm_ip_restriction_default_action": "Allow",
                "scm_minimum_tls_version": "1.2",
                "scm_type": "None",
                "scm_use_main_ip_restriction": false,
                "use_32_bit_worker": true,
                "virtual_application": [],
                "vnet_route_all_enabled": false,
                "websockets_enabled": false,
                "windows_fx_version": "",
                "worker_count": 1
              }
            ],
            "site_credential": [
              {
                "name": "$fuzari-mangebot-second-version-app",
                "password": "xTLlEJfE6tyAK2s5jkDseDFtyNKdewialsn5omDohn3xgoXaaRTTYzhPlFpp"
              }
            ],
            "sticky_settings": [],
            "storage_account": [],
            "tags": null,
            "timeouts": null,
            "virtual_network_subnet_id": "",
            "webdeploy_publish_basic_authentication_enabled": true,
            "zip_deploy_file": ""
          },
          "sensitive_attributes": [
            [
              {
                "type": "get_attr",
                "value": "custom_domain_verification_id"
              }
            ],
            [
              {
                "type": "get_attr",
                "value": "site_config"
              },
              {
                "type": "index",
                "value": {
                  "value": 0,
                  "type": "number"
                }
              },
              {
                "type": "get_attr",
                "value": "application_stack"
              },
              {
                "type": "index",
                "value": {
                  "value": 0,
                  "type": "number"
                }
              },
              {
                "type": "get_attr",
                "value": "docker_registry_password"
              }
            ],
            [
              {
                "type": "get_attr",
                "value": "site_credential"
              }
            ]
          ],
          "private": "eyJlMmJmYjczMC1lY2FhLTExZTYtOGY4OC0zNDM2M2JjN2M0YzAiOnsiY3JlYXRlIjoxODAwMDAwMDAwMDAwLCJkZWxldGUiOjE4MDAwMDAwMDAwMDAsInJlYWQiOjMwMDAwMDAwMDAwMCwidXBkYXRlIjoxODAwMDAwMDAwMDAwfSwic2NoZW1hX3ZlcnNpb24iOiIxIn0=",
          "dependencies": [
            "azurerm_resource_group.fuzari-mangebot-second-version-group",
            "azurerm_service_plan.fuzari-mangebot-second-version-sp"
          ]
        }
      ]
    },
    {
      "mode": "managed",
      "type": "azurerm_windows_web_app_slot",
      "name": "fuzari-mangebot-second-version-app-slot-qa",
      "provider": "provider[\"registry.terraform.io/hashicorp/azurerm\"]",
      "instances": [
        {
          "schema_version": 1,
          "attributes": {
            "app_service_id": "/subscriptions/250ae9c3-6c33-4030-b72a-ed22fce22920/resourceGroups/fuzari-mangebot-second-version-group/providers/Microsoft.Web/sites/fuzari-mangebot-second-version-app",
            "app_settings": null,
            "auth_settings": [],
            "auth_settings_v2": [],
            "backup": [],
            "client_affinity_enabled": false,
            "client_certificate_enabled": false,
            "client_certificate_exclusion_paths": "",
            "client_certificate_mode": "Required",
            "connection_string": [],
            "custom_domain_verification_id": "A20FD1DD24553625936AB5B41DE2EF7587D48487C39A0BACDD28821A1F09571F",
            "default_hostname": "fuzari-mangebot-second-version-app-fuzari-mangebot-second-v.azurewebsites.net",
            "enabled": true,
            "ftp_publish_basic_authentication_enabled": true,
            "hosting_environment_id": "",
            "https_only": false,
            "id": "/subscriptions/250ae9c3-6c33-4030-b72a-ed22fce22920/resourceGroups/fuzari-mangebot-second-version-group/providers/Microsoft.Web/sites/fuzari-mangebot-second-version-app/slots/fuzari-mangebot-second-version-app-slot-qa",
            "identity": [],
            "key_vault_reference_identity_id": "SystemAssigned",
            "kind": "app",
            "logs": [],
            "name": "fuzari-mangebot-second-version-app-slot-qa",
            "outbound_ip_address_list": [
              "52.167.87.84",
              "52.177.141.128",
              "52.177.248.131",
              "52.177.248.174",
              "52.177.250.68",
              "52.177.250.154",
              "20.49.97.16"
            ],
            "outbound_ip_addresses": "52.167.87.84,52.177.141.128,52.177.248.131,52.177.248.174,52.177.250.68,52.177.250.154,20.49.97.16",
            "possible_outbound_ip_address_list": [
              "52.167.87.84",
              "52.177.141.128",
              "52.177.248.131",
              "52.177.248.174",
              "52.177.250.68",
              "52.177.250.154",
              "52.177.253.61",
              "52.177.253.99",
              "52.177.254.221",
              "40.70.172.223",
              "52.177.255.56",
              "52.184.208.121",
              "52.177.253.203",
              "52.184.208.159",
              "52.184.209.224",
              "52.184.210.243",
              "20.44.74.192",
              "52.232.209.222",
              "40.65.243.183",
              "40.65.244.39",
              "52.138.109.125",
              "52.167.26.174",
              "20.62.85.112",
              "20.62.86.95",
              "20.62.86.166",
              "20.62.86.187",
              "20.62.87.225",
              "20.72.65.34",
              "20.72.65.42",
              "20.72.65.113",
              "20.49.97.16"
            ],
            "possible_outbound_ip_addresses": "52.167.87.84,52.177.141.128,52.177.248.131,52.177.248.174,52.177.250.68,52.177.250.154,52.177.253.61,52.177.253.99,52.177.254.221,40.70.172.223,52.177.255.56,52.184.208.121,52.177.253.203,52.184.208.159,52.184.209.224,52.184.210.243,20.44.74.192,52.232.209.222,40.65.243.183,40.65.244.39,52.138.109.125,52.167.26.174,20.62.85.112,20.62.86.95,20.62.86.166,20.62.86.187,20.62.87.225,20.72.65.34,20.72.65.42,20.72.65.113,20.49.97.16",
            "public_network_access_enabled": true,
            "service_plan_id": "",
            "site_config": [
              {
                "always_on": true,
                "api_definition_url": "",
                "api_management_api_id": "",
                "app_command_line": "",
                "application_stack": [
                  {
                    "current_stack": "",
                    "docker_image_name": "",
                    "docker_registry_password": "",
                    "docker_registry_url": "",
                    "docker_registry_username": "",
                    "dotnet_core_version": "",
                    "dotnet_version": "v4.0",
                    "java_container": "",
                    "java_container_version": "",
                    "java_embedded_server_enabled": false,
                    "java_version": "",
                    "node_version": "",
                    "php_version": "5.6",
                    "python": false,
                    "tomcat_version": ""
                  }
                ],
                "auto_heal_setting": [],
                "auto_swap_slot_name": "",
                "container_registry_managed_identity_client_id": "",
                "container_registry_use_managed_identity": false,
                "cors": [],
                "default_documents": [
                  "Default.htm",
                  "Default.html",
                  "Default.asp",
                  "index.htm",
                  "index.html",
                  "iisstart.htm",
                  "default.aspx",
                  "index.php",
                  "hostingstart.html"
                ],
                "detailed_error_logging_enabled": false,
                "ftps_state": "Disabled",
                "handler_mapping": [],
                "health_check_eviction_time_in_min": 0,
                "health_check_path": "",
                "http2_enabled": false,
                "ip_restriction": [],
                "ip_restriction_default_action": "Allow",
                "load_balancing_mode": "LeastRequests",
                "local_mysql_enabled": false,
                "managed_pipeline_mode": "Integrated",
                "minimum_tls_version": "1.2",
                "remote_debugging_enabled": false,
                "remote_debugging_version": "VS2022",
                "scm_ip_restriction": [],
                "scm_ip_restriction_default_action": "Allow",
                "scm_minimum_tls_version": "1.2",
                "scm_type": "None",
                "scm_use_main_ip_restriction": false,
                "use_32_bit_worker": false,
                "virtual_application": [],
                "vnet_route_all_enabled": false,
                "websockets_enabled": false,
                "windows_fx_version": "",
                "worker_count": 1
              }
            ],
            "site_credential": [
              {
                "name": "$fuzari-mangebot-second-version-app__fuzari-mangebot-second-version-app-slot-qa",
                "password": "1KjisZmqxgk1n8Bzi6XpBF7z3SlbgnJN4tkgozXbCJnbmmTDWtcedgPbsY9k"
              }
            ],
            "storage_account": [],
            "tags": null,
            "timeouts": null,
            "virtual_network_subnet_id": "",
            "webdeploy_publish_basic_authentication_enabled": true,
            "zip_deploy_file": ""
          },
          "sensitive_attributes": [
            [
              {
                "type": "get_attr",
                "value": "site_credential"
              }
            ],
            [
              {
                "type": "get_attr",
                "value": "custom_domain_verification_id"
              }
            ],
            [
              {
                "type": "get_attr",
                "value": "site_config"
              },
              {
                "type": "index",
                "value": {
                  "value": 0,
                  "type": "number"
                }
              },
              {
                "type": "get_attr",
                "value": "application_stack"
              },
              {
                "type": "index",
                "value": {
                  "value": 0,
                  "type": "number"
                }
              },
              {
                "type": "get_attr",
                "value": "docker_registry_password"
              }
            ]
          ],
          "private": "eyJlMmJmYjczMC1lY2FhLTExZTYtOGY4OC0zNDM2M2JjN2M0YzAiOnsiY3JlYXRlIjoxODAwMDAwMDAwMDAwLCJkZWxldGUiOjE4MDAwMDAwMDAwMDAsInJlYWQiOjMwMDAwMDAwMDAwMCwidXBkYXRlIjoxODAwMDAwMDAwMDAwfSwic2NoZW1hX3ZlcnNpb24iOiIxIn0=",
          "dependencies": [
            "azurerm_resource_group.fuzari-mangebot-second-version-group",
            "azurerm_service_plan.fuzari-mangebot-second-version-sp",
            "azurerm_windows_web_app.fuzari-mangebot-second-version-app"
          ]
        }
      ]
    }
  ],
  "check_results": null
}
